
Microsoft Visual Studio Solution File, Format Version 12.00
# Visual Studio Version 16
VisualStudioVersion = 16.0.28803.202
MinimumVisualStudioVersion = 10.0.40219.1
Project("{9A19103F-16F7-4668-BE54-9A1E7A4F7556}") = "AccountAPI", "AccountAPI\AccountAPI.csproj", "{11BE6AE5-DB4E-49BC-B366-CFC7D600FA6F}"
EndProject
Project("{9A19103F-16F7-4668-BE54-9A1E7A4F7556}") = "UserAPI", "UserAPI\UserAPI.csproj", "{34990BAF-F7B6-4824-9711-C7356984E1B9}"
EndProject
Project("{9A19103F-16F7-4668-BE54-9A1E7A4F7556}") = "Gateway", "Gateway\Gateway.csproj", "{32414A74-9FB0-40F9-837B-010500A472DF}"
EndProject
Project("{E53339B2-1760-4266-BCC7-CA923CBCF16C}") = "docker-compose", "docker-compose.dcproj", "{15C2B388-ADDB-445D-A167-298C4CE824B9}"
EndProject
Project("{FAE04EC0-301F-11D3-BF4B-00C04F79EFBC}") = "TransactionsAPI", "TransactionsAPI\TransactionsAPI.csproj", "{E3370229-77B2-4E4F-85B6-5D77776AFFDA}"
EndProject
Project("{FAE04EC0-301F-11D3-BF4B-00C04F79EFBC}") = "LoggingAPI", "LoggingAPI\LoggingAPI.csproj", "{073FB1D6-52D3-4E44-BCFC-5425F79A198A}"
EndProject
Global
	GlobalSection(SolutionConfigurationPlatforms) = preSolution
		Debug|Any CPU = Debug|Any CPU
		Release|Any CPU = Release|Any CPU
	EndGlobalSection
	GlobalSection(ProjectConfigurationPlatforms) = postSolution
		{11BE6AE5-DB4E-49BC-B366-CFC7D600FA6F}.Debug|Any CPU.ActiveCfg = Debug|Any CPU
		{11BE6AE5-DB4E-49BC-B366-CFC7D600FA6F}.Debug|Any CPU.Build.0 = Debug|Any CPU
		{11BE6AE5-DB4E-49BC-B366-CFC7D600FA6F}.Release|Any CPU.ActiveCfg = Release|Any CPU
		{11BE6AE5-DB4E-49BC-B366-CFC7D600FA6F}.Release|Any CPU.Build.0 = Release|Any CPU
		{34990BAF-F7B6-4824-9711-C7356984E1B9}.Debug|Any CPU.ActiveCfg = Debug|Any CPU
		{34990BAF-F7B6-4824-9711-C7356984E1B9}.Debug|Any CPU.Build.0 = Debug|Any CPU
		{34990BAF-F7B6-4824-9711-C7356984E1B9}.Release|Any CPU.ActiveCfg = Release|Any CPU
		{34990BAF-F7B6-4824-9711-C7356984E1B9}.Release|Any CPU.Build.0 = Release|Any CPU
		{32414A74-9FB0-40F9-837B-010500A472DF}.Debug|Any CPU.ActiveCfg = Debug|Any CPU
		{32414A74-9FB0-40F9-837B-010500A472DF}.Debug|Any CPU.Build.0 = Debug|Any CPU
		{32414A74-9FB0-40F9-837B-010500A472DF}.Release|Any CPU.ActiveCfg = Release|Any CPU
		{32414A74-9FB0-40F9-837B-010500A472DF}.Release|Any CPU.Build.0 = Release|Any CPU
		{15C2B388-ADDB-445D-A167-298C4CE824B9}.Debug|Any CPU.ActiveCfg = Debug|Any CPU
		{15C2B388-ADDB-445D-A167-298C4CE824B9}.Debug|Any CPU.Build.0 = Debug|Any CPU
		{15C2B388-ADDB-445D-A167-298C4CE824B9}.Release|Any CPU.ActiveCfg = Release|Any CPU
		{15C2B388-ADDB-445D-A167-298C4CE824B9}.Release|Any CPU.Build.0 = Release|Any CPU
		{E3370229-77B2-4E4F-85B6-5D77776AFFDA}.Debug|Any CPU.ActiveCfg = Debug|Any CPU
		{E3370229-77B2-4E4F-85B6-5D77776AFFDA}.Debug|Any CPU.Build.0 = Debug|Any CPU
		{E3370229-77B2-4E4F-85B6-5D77776AFFDA}.Release|Any CPU.ActiveCfg = Release|Any CPU
		{E3370229-77B2-4E4F-85B6-5D77776AFFDA}.Release|Any CPU.Build.0 = Release|Any CPU
		{073FB1D6-52D3-4E44-BCFC-5425F79A198A}.Debug|Any CPU.ActiveCfg = Debug|Any CPU
		{073FB1D6-52D3-4E44-BCFC-5425F79A198A}.Debug|Any CPU.Build.0 = Debug|Any CPU
		{073FB1D6-52D3-4E44-BCFC-5425F79A198A}.Release|Any CPU.ActiveCfg = Release|Any CPU
		{073FB1D6-52D3-4E44-BCFC-5425F79A198A}.Release|Any CPU.Build.0 = Release|Any CPU
	EndGlobalSection
	GlobalSection(SolutionProperties) = preSolution
		HideSolutionNode = FALSE
	EndGlobalSection
	GlobalSection(ExtensibilityGlobals) = postSolution
		SolutionGuid = {11D00244-0A24-4CF0-8303-2B7B4913C0A5}
	EndGlobalSection
EndGlobal
